github.com/hilli/lametric-my-data-diy-go v0.0.0-20240609074625-e3efff6c40eb h1:btjEkH0arvDdVy6eJ8ZhvNqZjVfyan5hohTlE8eJGw8=
github.com/hilli/lametric-my-data-diy-go v0.0.0-20240609074625-e3efff6c40eb/go.mod h1:YXotb6D4sLESS+S0hy/S44XnYPCpYkYegeg0WWiWjBk=
github.com/hilli/lametric-my-data-diy-go v0.0.0-20240616195050-4ab6480153dd h1:IPEv8lMKsYrogvCgCrUh/ZuLICohGK79dFpadUwRy2M=
github.com/hilli/lametric-my-data-diy-go v0.0.0-20240616195050-4ab6480153dd/go.mod h1:YXotb6D4sLESS+S0hy/S44XnYPCpYkYegeg0WWiWjBk=
